
Microsoft Visual Studio Solution File, Format Version 12.00
# Visual Studio Version 16
VisualStudioVersion = 16.0.29709.97
MinimumVisualStudioVersion = 10.0.40219.1
Project("{8BC9CEB8-8B4A-11D0-8D11-00A0C91BC942}") = "13_Pointer", "13_Pointer\13_Pointer.vcxproj", "{2287FC5C-C5F5-49B6-9B87-B22BB2122528}"
EndProject
Global
	GlobalSection(SolutionConfigurationPlatforms) = preSolution
		Debug|x64 = Debug|x64
		Debug|x86 = Debug|x86
		Release|x64 = Release|x64
		Release|x86 = Release|x86
	EndGlobalSection
	GlobalSection(ProjectConfigurationPlatforms) = postSolution
		{2287FC5C-C5F5-49B6-9B87-B22BB2122528}.Debug|x64.ActiveCfg = Debug|x64
		{2287FC5C-C5F5-49B6-9B87-B22BB2122528}.Debug|x64.Build.0 = Debug|x64
		{2287FC5C-C5F5-49B6-9B87-B22BB2122528}.Debug|x86.ActiveCfg = Debug|Win32
		{2287FC5C-C5F5-49B6-9B87-B22BB2122528}.Debug|x86.Build.0 = Debug|Win32
		{2287FC5C-C5F5-49B6-9B87-B22BB2122528}.Release|x64.ActiveCfg = Release|x64
		{2287FC5C-C5F5-49B6-9B87-B22BB2122528}.Release|x64.Build.0 = Release|x64
		{2287FC5C-C5F5-49B6-9B87-B22BB2122528}.Release|x86.ActiveCfg = Release|Win32
		{2287FC5C-C5F5-49B6-9B87-B22BB2122528}.Release|x86.Build.0 = Release|Win32
	EndGlobalSection
	GlobalSection(SolutionProperties) = preSolution
		HideSolutionNode = FALSE
	EndGlobalSection
	GlobalSection(ExtensibilityGlobals) = postSolution
		SolutionGuid = {1E5AD251-63FA-49AD-89CD-5C3CE48FF226}
	EndGlobalSection
EndGlobal
