
Microsoft Visual Studio Solution File, Format Version 12.00
# Visual Studio Version 16
VisualStudioVersion = 16.0.29709.97
MinimumVisualStudioVersion = 10.0.40219.1
Project("{8BC9CEB8-8B4A-11D0-8D11-00A0C91BC942}") = "CPP_Study4", "CPP_Study4\CPP_Study4.vcxproj", "{D7276422-9903-44A8-ADA0-5DAAFCB422D7}"
EndProject
Global
	GlobalSection(SolutionConfigurationPlatforms) = preSolution
		Debug|x64 = Debug|x64
		Debug|x86 = Debug|x86
		Release|x64 = Release|x64
		Release|x86 = Release|x86
	EndGlobalSection
	GlobalSection(ProjectConfigurationPlatforms) = postSolution
		{D7276422-9903-44A8-ADA0-5DAAFCB422D7}.Debug|x64.ActiveCfg = Debug|x64
		{D7276422-9903-44A8-ADA0-5DAAFCB422D7}.Debug|x64.Build.0 = Debug|x64
		{D7276422-9903-44A8-ADA0-5DAAFCB422D7}.Debug|x86.ActiveCfg = Debug|Win32
		{D7276422-9903-44A8-ADA0-5DAAFCB422D7}.Debug|x86.Build.0 = Debug|Win32
		{D7276422-9903-44A8-ADA0-5DAAFCB422D7}.Release|x64.ActiveCfg = Release|x64
		{D7276422-9903-44A8-ADA0-5DAAFCB422D7}.Release|x64.Build.0 = Release|x64
		{D7276422-9903-44A8-ADA0-5DAAFCB422D7}.Release|x86.ActiveCfg = Release|Win32
		{D7276422-9903-44A8-ADA0-5DAAFCB422D7}.Release|x86.Build.0 = Release|Win32
	EndGlobalSection
	GlobalSection(SolutionProperties) = preSolution
		HideSolutionNode = FALSE
	EndGlobalSection
	GlobalSection(ExtensibilityGlobals) = postSolution
		SolutionGuid = {C73FB7E6-7C38-479E-8617-DD1FF4B5C6AD}
	EndGlobalSection
EndGlobal
